
Microsoft Visual Studio Solution File, Format Version 12.00
# Visual Studio 2017
Project("{FAE04EC0-301F-11D3-BF4B-00C04F79EFBC}") = "squadra-corse-polito", "squadra-corse-polito.csproj", "{F52C2B1B-D945-EDDE-F4DC-3A1377229478}"
EndProject
Project("{FAE04EC0-301F-11D3-BF4B-00C04F79EFBC}") = "squadra-corse-polito.Editor", "squadra-corse-polito.Editor.csproj", "{7D60CAD2-CF2A-BF26-6260-AA5B26FCD121}"
EndProject
Global
	GlobalSection(SolutionConfigurationPlatforms) = preSolution
		Debug|Any CPU = Debug|Any CPU
		Release|Any CPU = Release|Any CPU
	EndGlobalSection
	GlobalSection(ProjectConfigurationPlatforms) = postSolution
		{F52C2B1B-D945-EDDE-F4DC-3A1377229478}.Debug|Any CPU.ActiveCfg = Debug|Any CPU
		{F52C2B1B-D945-EDDE-F4DC-3A1377229478}.Debug|Any CPU.Build.0 = Debug|Any CPU
		{F52C2B1B-D945-EDDE-F4DC-3A1377229478}.Release|Any CPU.ActiveCfg = Release|Any CPU
		{F52C2B1B-D945-EDDE-F4DC-3A1377229478}.Release|Any CPU.Build.0 = Release|Any CPU
		{7D60CAD2-CF2A-BF26-6260-AA5B26FCD121}.Debug|Any CPU.ActiveCfg = Debug|Any CPU
		{7D60CAD2-CF2A-BF26-6260-AA5B26FCD121}.Debug|Any CPU.Build.0 = Debug|Any CPU
		{7D60CAD2-CF2A-BF26-6260-AA5B26FCD121}.Release|Any CPU.ActiveCfg = Release|Any CPU
		{7D60CAD2-CF2A-BF26-6260-AA5B26FCD121}.Release|Any CPU.Build.0 = Release|Any CPU
	EndGlobalSection
	GlobalSection(SolutionProperties) = preSolution
		HideSolutionNode = FALSE
	EndGlobalSection
EndGlobal
